{
    "_readme": [
        "This file locks the dependencies of your project to a known state",
        "Read more about it at https://getcomposer.org/doc/01-basic-usage.md#installing-dependencies",
        "This file is @generated automatically"
    ],
    "content-hash": "d8b793e205ac7b38190acea995380787",
    "packages": [],
    "packages-dev": [
        {
            "name": "kwn/php-rdkafka-stubs",
            "version": "2.0.4",
            "source": {
                "type": "git",
                "url": "https://github.com/kwn/php-rdkafka-stubs.git",
                "reference": "6c4b5b4adb0f5e13986d71d842a485e2ffa5ff9b"
            },
            "dist": {
                "type": "zip",
                "url": "https://api.github.com/repos/kwn/php-rdkafka-stubs/zipball/6c4b5b4adb0f5e13986d71d842a485e2ffa5ff9b",
                "reference": "6c4b5b4adb0f5e13986d71d842a485e2ffa5ff9b",
                "shasum": ""
            },
            "require": {
                "ext-rdkafka": ">=4.0"
            },
            "require-dev": {
                "phpunit/phpunit": "^8.2.4"
            },
            "type": "library",
            "notification-url": "https://packagist.org/downloads/",
            "license": [
                "MIT"
            ],
            "authors": [
                {
                    "name": "Karol Wnuk",
                    "email": "k.wnuk@ascetic.pl"
                }
            ],
            "description": "Rdkafka extension stubs for your IDE",
            "time": "2020-05-04T17:51:08+00:00"
        }
    ],
    "aliases": [],
    "minimum-stability": "stable",
    "stability-flags": [],
    "prefer-stable": false,
    "prefer-lowest": false,
    "platform": {
        "php": "^7.4",
        "ext-rdkafka": "^4.0"
    },
    "platform-dev": [],
    "plugin-api-version": "1.1.0"
}
